// !$*UTF8*$!
{
	archiveVersion = 1;
	classes = {
	};
	objectVersion = 56;
	objects = {

/* Begin PBXBuildFile section */
		A818148B2A8EAD2400F9416E /* MockUrlSessionProtocol.swift in Sources */ = {isa = PBXBuildFile; fileRef = A818148A2A8EAD2400F9416E /* MockUrlSessionProtocol.swift */; };
		A818148E2A8EAF9F00F9416E /* NetworkManagerTests.swift in Sources */ = {isa = PBXBuildFile; fileRef = A818148D2A8EAF9F00F9416E /* NetworkManagerTests.swift */; };
		A82FBD212A753E5A0060D8FA /* Entry.swift in Sources */ = {isa = PBXBuildFile; fileRef = A82FBD202A753E5A0060D8FA /* Entry.swift */; };
		A82FBD232A7543C40060D8FA /* Constants.swift in Sources */ = {isa = PBXBuildFile; fileRef = A82FBD222A7543C30060D8FA /* Constants.swift */; };
		A83B30242A8F9D11004E603F /* MockNetworkManager.swift in Sources */ = {isa = PBXBuildFile; fileRef = A83B30232A8F9D11004E603F /* MockNetworkManager.swift */; };
		A83B30272A8FA6A3004E603F /* SneakerViewModelTests.swift in Sources */ = {isa = PBXBuildFile; fileRef = A83B30262A8FA6A3004E603F /* SneakerViewModelTests.swift */; };
		A84495BF2A64C4D600105B15 /* SizeView.swift in Sources */ = {isa = PBXBuildFile; fileRef = A84495BE2A64C4D600105B15 /* SizeView.swift */; };
		A84E89302A769CDD00949E97 /* Result.swift in Sources */ = {isa = PBXBuildFile; fileRef = A84E892F2A769CDD00949E97 /* Result.swift */; };
		A84FF5302A8E9F5B004360D6 /* ApiEndpointsTests.swift in Sources */ = {isa = PBXBuildFile; fileRef = A84FF52F2A8E9F5B004360D6 /* ApiEndpointsTests.swift */; };
		A84FF5332A8EA445004360D6 /* FirebaseAuth in Frameworks */ = {isa = PBXBuildFile; productRef = A84FF5322A8EA445004360D6 /* FirebaseAuth */; };
		A858FFFC2A7597D00068DA95 /* SubscribeEmail.swift in Sources */ = {isa = PBXBuildFile; fileRef = A858FFFB2A7597D00068DA95 /* SubscribeEmail.swift */; };
		A87E7DD12A63640E00816F50 /* AuthenticationView.swift in Sources */ = {isa = PBXBuildFile; fileRef = A87E7DD02A63640E00816F50 /* AuthenticationView.swift */; };
		A87E7DD52A6370A500816F50 /* AuthViewModel.swift in Sources */ = {isa = PBXBuildFile; fileRef = A87E7DD42A6370A500816F50 /* AuthViewModel.swift */; };
		A88455592A9031CE000C983E /* MockFirebaseAuth.swift in Sources */ = {isa = PBXBuildFile; fileRef = A88455582A9031CE000C983E /* MockFirebaseAuth.swift */; };
		A895EC4A2A6570BA0092F82C /* NetworkManager.swift in Sources */ = {isa = PBXBuildFile; fileRef = A895EC492A6570BA0092F82C /* NetworkManager.swift */; };
		A89A70E02A5F46B100D640F9 /* Cloud_TermApp.swift in Sources */ = {isa = PBXBuildFile; fileRef = A89A70DF2A5F46B100D640F9 /* Cloud_TermApp.swift */; };
		A89A70E22A5F46B100D640F9 /* ContentView.swift in Sources */ = {isa = PBXBuildFile; fileRef = A89A70E12A5F46B100D640F9 /* ContentView.swift */; };
		A89A70E42A5F46B200D640F9 /* Assets.xcassets in Resources */ = {isa = PBXBuildFile; fileRef = A89A70E32A5F46B200D640F9 /* Assets.xcassets */; };
		A89A70E72A5F46B200D640F9 /* Preview Assets.xcassets in Resources */ = {isa = PBXBuildFile; fileRef = A89A70E62A5F46B200D640F9 /* Preview Assets.xcassets */; };
		A89A70F22A5F471900D640F9 /* HomeView.swift in Sources */ = {isa = PBXBuildFile; fileRef = A89A70F12A5F471900D640F9 /* HomeView.swift */; };
		A89A70F42A5F49FD00D640F9 /* Sneaker.swift in Sources */ = {isa = PBXBuildFile; fileRef = A89A70F32A5F49FD00D640F9 /* Sneaker.swift */; };
		A89A70F62A5F5B7500D640F9 /* DetailView.swift in Sources */ = {isa = PBXBuildFile; fileRef = A89A70F52A5F5B7500D640F9 /* DetailView.swift */; };
		A89AE05C2A716B6700B3B2AC /* SneakerViewModel.swift in Sources */ = {isa = PBXBuildFile; fileRef = A89AE05B2A716B6700B3B2AC /* SneakerViewModel.swift */; };
		A89CD79C2A815C4B00A0812D /* CacheAsyncImage.swift in Sources */ = {isa = PBXBuildFile; fileRef = A89CD79B2A815C4B00A0812D /* CacheAsyncImage.swift */; };
		A89CD79E2A816A7600A0812D /* SneakerCard.swift in Sources */ = {isa = PBXBuildFile; fileRef = A89CD79D2A816A7600A0812D /* SneakerCard.swift */; };
		A8B33AB82A60710300D194EC /* ResultsView.swift in Sources */ = {isa = PBXBuildFile; fileRef = A8B33AB72A60710300D194EC /* ResultsView.swift */; };
		A8B33ABA2A60710C00D194EC /* ProfileView.swift in Sources */ = {isa = PBXBuildFile; fileRef = A8B33AB92A60710C00D194EC /* ProfileView.swift */; };
		A8B33ABC2A60716300D194EC /* TabbarView.swift in Sources */ = {isa = PBXBuildFile; fileRef = A8B33ABB2A60716300D194EC /* TabbarView.swift */; };
		A8B33ABE2A60796500D194EC /* SelectedSneakerViewModel.swift in Sources */ = {isa = PBXBuildFile; fileRef = A8B33ABD2A60796500D194EC /* SelectedSneakerViewModel.swift */; };
		A8C150EF2A6373950048EC04 /* GoogleService-Info.plist in Resources */ = {isa = PBXBuildFile; fileRef = A8C150EE2A6373950048EC04 /* GoogleService-Info.plist */; };
		A8C150F22A6373E70048EC04 /* FirebaseAuth in Frameworks */ = {isa = PBXBuildFile; productRef = A8C150F12A6373E70048EC04 /* FirebaseAuth */; };
		A8C89FDB2A9417CB00E38804 /* AuthViewModelTests.swift in Sources */ = {isa = PBXBuildFile; fileRef = A8C89FDA2A9417CB00E38804 /* AuthViewModelTests.swift */; };
		A8F26EA12A818E6900C08E9F /* DrawButton.swift in Sources */ = {isa = PBXBuildFile; fileRef = A8F26EA02A818E6900C08E9F /* DrawButton.swift */; };
/* End PBXBuildFile section */

/* Begin PBXContainerItemProxy section */
		A84FF5292A8E9E96004360D6 /* PBXContainerItemProxy */ = {
			isa = PBXContainerItemProxy;
			containerPortal = A89A70D42A5F46B100D640F9 /* Project object */;
			proxyType = 1;
			remoteGlobalIDString = A89A70DB2A5F46B100D640F9;
			remoteInfo = "Cloud Term";
		};
/* End PBXContainerItemProxy section */

/* Begin PBXFileReference section */
		A81814872A8EAD0200F9416E /* Cloud Term.app */ = {isa = PBXFileReference; explicitFileType = wrapper.application; includeInIndex = 0; path = "Cloud Term.app"; sourceTree = BUILT_PRODUCTS_DIR; };
		A818148A2A8EAD2400F9416E /* MockUrlSessionProtocol.swift */ = {isa = PBXFileReference; lastKnownFileType = sourcecode.swift; path = MockUrlSessionProtocol.swift; sourceTree = "<group>"; };
		A818148D2A8EAF9F00F9416E /* NetworkManagerTests.swift */ = {isa = PBXFileReference; lastKnownFileType = sourcecode.swift; path = NetworkManagerTests.swift; sourceTree = "<group>"; };
		A82FBD202A753E5A0060D8FA /* Entry.swift */ = {isa = PBXFileReference; lastKnownFileType = sourcecode.swift; path = Entry.swift; sourceTree = "<group>"; };
		A82FBD222A7543C30060D8FA /* Constants.swift */ = {isa = PBXFileReference; lastKnownFileType = sourcecode.swift; path = Constants.swift; sourceTree = "<group>"; };
		A83B30232A8F9D11004E603F /* MockNetworkManager.swift */ = {isa = PBXFileReference; lastKnownFileType = sourcecode.swift; path = MockNetworkManager.swift; sourceTree = "<group>"; };
		A83B30262A8FA6A3004E603F /* SneakerViewModelTests.swift */ = {isa = PBXFileReference; lastKnownFileType = sourcecode.swift; path = SneakerViewModelTests.swift; sourceTree = "<group>"; };
		A84495BE2A64C4D600105B15 /* SizeView.swift */ = {isa = PBXFileReference; lastKnownFileType = sourcecode.swift; path = SizeView.swift; sourceTree = "<group>"; };
		A84E892F2A769CDD00949E97 /* Result.swift */ = {isa = PBXFileReference; lastKnownFileType = sourcecode.swift; path = Result.swift; sourceTree = "<group>"; };
		A84FF52F2A8E9F5B004360D6 /* ApiEndpointsTests.swift */ = {isa = PBXFileReference; lastKnownFileType = sourcecode.swift; path = ApiEndpointsTests.swift; sourceTree = "<group>"; };
		A858FFFB2A7597D00068DA95 /* SubscribeEmail.swift */ = {isa = PBXFileReference; lastKnownFileType = sourcecode.swift; path = SubscribeEmail.swift; sourceTree = "<group>"; };
		A87E7DD02A63640E00816F50 /* AuthenticationView.swift */ = {isa = PBXFileReference; lastKnownFileType = sourcecode.swift; path = AuthenticationView.swift; sourceTree = "<group>"; };
		A87E7DD42A6370A500816F50 /* AuthViewModel.swift */ = {isa = PBXFileReference; lastKnownFileType = sourcecode.swift; path = AuthViewModel.swift; sourceTree = "<group>"; };
		A88455572A902E12000C983E /* Cloud TermTests.xctestplan */ = {isa = PBXFileReference; lastKnownFileType = text; path = "Cloud TermTests.xctestplan"; sourceTree = "<group>"; };
		A88455582A9031CE000C983E /* MockFirebaseAuth.swift */ = {isa = PBXFileReference; lastKnownFileType = sourcecode.swift; path = MockFirebaseAuth.swift; sourceTree = "<group>"; };
		A895EC492A6570BA0092F82C /* NetworkManager.swift */ = {isa = PBXFileReference; lastKnownFileType = sourcecode.swift; path = NetworkManager.swift; sourceTree = "<group>"; };
		A89A70DF2A5F46B100D640F9 /* Cloud_TermApp.swift */ = {isa = PBXFileReference; lastKnownFileType = sourcecode.swift; path = Cloud_TermApp.swift; sourceTree = "<group>"; };
		A89A70E12A5F46B100D640F9 /* ContentView.swift */ = {isa = PBXFileReference; lastKnownFileType = sourcecode.swift; path = ContentView.swift; sourceTree = "<group>"; };
		A89A70E32A5F46B200D640F9 /* Assets.xcassets */ = {isa = PBXFileReference; lastKnownFileType = folder.assetcatalog; path = Assets.xcassets; sourceTree = "<group>"; };
		A89A70E62A5F46B200D640F9 /* Preview Assets.xcassets */ = {isa = PBXFileReference; lastKnownFileType = folder.assetcatalog; path = "Preview Assets.xcassets"; sourceTree = "<group>"; };
		A89A70F12A5F471900D640F9 /* HomeView.swift */ = {isa = PBXFileReference; lastKnownFileType = sourcecode.swift; path = HomeView.swift; sourceTree = "<group>"; };
		A89A70F32A5F49FD00D640F9 /* Sneaker.swift */ = {isa = PBXFileReference; lastKnownFileType = sourcecode.swift; path = Sneaker.swift; sourceTree = "<group>"; };
		A89A70F52A5F5B7500D640F9 /* DetailView.swift */ = {isa = PBXFileReference; lastKnownFileType = sourcecode.swift; path = DetailView.swift; sourceTree = "<group>"; };
		A89AE05B2A716B6700B3B2AC /* SneakerViewModel.swift */ = {isa = PBXFileReference; lastKnownFileType = sourcecode.swift; path = SneakerViewModel.swift; sourceTree = "<group>"; };
		A89CD79B2A815C4B00A0812D /* CacheAsyncImage.swift */ = {isa = PBXFileReference; lastKnownFileType = sourcecode.swift; path = CacheAsyncImage.swift; sourceTree = "<group>"; };
		A89CD79D2A816A7600A0812D /* SneakerCard.swift */ = {isa = PBXFileReference; lastKnownFileType = sourcecode.swift; path = SneakerCard.swift; sourceTree = "<group>"; };
		A8B33AB72A60710300D194EC /* ResultsView.swift */ = {isa = PBXFileReference; lastKnownFileType = sourcecode.swift; path = ResultsView.swift; sourceTree = "<group>"; };
		A8B33AB92A60710C00D194EC /* ProfileView.swift */ = {isa = PBXFileReference; lastKnownFileType = sourcecode.swift; path = ProfileView.swift; sourceTree = "<group>"; };
		A8B33ABB2A60716300D194EC /* TabbarView.swift */ = {isa = PBXFileReference; lastKnownFileType = sourcecode.swift; path = TabbarView.swift; sourceTree = "<group>"; };
		A8B33ABD2A60796500D194EC /* SelectedSneakerViewModel.swift */ = {isa = PBXFileReference; lastKnownFileType = sourcecode.swift; path = SelectedSneakerViewModel.swift; sourceTree = "<group>"; };
		A8C150EE2A6373950048EC04 /* GoogleService-Info.plist */ = {isa = PBXFileReference; fileEncoding = 4; lastKnownFileType = text.plist.xml; path = "GoogleService-Info.plist"; sourceTree = "<group>"; };
		A8C89FD92A94135700E38804 /* Cloud TermTests.xctest */ = {isa = PBXFileReference; explicitFileType = wrapper.cfbundle; includeInIndex = 0; path = "Cloud TermTests.xctest"; sourceTree = BUILT_PRODUCTS_DIR; };
		A8C89FDA2A9417CB00E38804 /* AuthViewModelTests.swift */ = {isa = PBXFileReference; lastKnownFileType = sourcecode.swift; path = AuthViewModelTests.swift; sourceTree = "<group>"; };
		A8F26EA02A818E6900C08E9F /* DrawButton.swift */ = {isa = PBXFileReference; lastKnownFileType = sourcecode.swift; path = DrawButton.swift; sourceTree = "<group>"; };
/* End PBXFileReference section */

/* Begin PBXFrameworksBuildPhase section */
		A84FF5222A8E9E95004360D6 /* Frameworks */ = {
			isa = PBXFrameworksBuildPhase;
			buildActionMask = 2147483647;
			files = (
				A84FF5332A8EA445004360D6 /* FirebaseAuth in Frameworks */,
			);
			runOnlyForDeploymentPostprocessing = 0;
		};
		A89A70D92A5F46B100D640F9 /* Frameworks */ = {
			isa = PBXFrameworksBuildPhase;
			buildActionMask = 2147483647;
			files = (
				A8C150F22A6373E70048EC04 /* FirebaseAuth in Frameworks */,
			);
			runOnlyForDeploymentPostprocessing = 0;
		};
/* End PBXFrameworksBuildPhase section */

/* Begin PBXGroup section */
		A81814892A8EAD1200F9416E /* Mocks */ = {
			isa = PBXGroup;
			children = (
				A818148A2A8EAD2400F9416E /* MockUrlSessionProtocol.swift */,
				A83B30232A8F9D11004E603F /* MockNetworkManager.swift */,
				A88455582A9031CE000C983E /* MockFirebaseAuth.swift */,
			);
			path = Mocks;
			sourceTree = "<group>";
		};
		A818148C2A8EAF7C00F9416E /* NetworkManager */ = {
			isa = PBXGroup;
			children = (
				A818148D2A8EAF9F00F9416E /* NetworkManagerTests.swift */,
			);
			path = NetworkManager;
			sourceTree = "<group>";
		};
		A83B30252A8FA68E004E603F /* ViewModel */ = {
			isa = PBXGroup;
			children = (
				A83B30262A8FA6A3004E603F /* SneakerViewModelTests.swift */,
				A8C89FDA2A9417CB00E38804 /* AuthViewModelTests.swift */,
			);
			path = ViewModel;
			sourceTree = "<group>";
		};
		A84FF5262A8E9E96004360D6 /* Cloud TermTests */ = {
			isa = PBXGroup;
			children = (
				A83B30252A8FA68E004E603F /* ViewModel */,
				A818148C2A8EAF7C00F9416E /* NetworkManager */,
				A81814892A8EAD1200F9416E /* Mocks */,
				A84FF52E2A8E9F18004360D6 /* ApiEndpoints */,
			);
			path = "Cloud TermTests";
			sourceTree = "<group>";
		};
		A84FF52E2A8E9F18004360D6 /* ApiEndpoints */ = {
			isa = PBXGroup;
			children = (
				A84FF52F2A8E9F5B004360D6 /* ApiEndpointsTests.swift */,
			);
			path = ApiEndpoints;
			sourceTree = "<group>";
		};
		A895EC482A6570AC0092F82C /* Helpers */ = {
			isa = PBXGroup;
			children = (
				A895EC492A6570BA0092F82C /* NetworkManager.swift */,
				A82FBD222A7543C30060D8FA /* Constants.swift */,
				A89CD79B2A815C4B00A0812D /* CacheAsyncImage.swift */,
			);
			path = Helpers;
			sourceTree = "<group>";
		};
		A89A70D32A5F46B100D640F9 = {
			isa = PBXGroup;
			children = (
				A88455572A902E12000C983E /* Cloud TermTests.xctestplan */,
				A89A70DE2A5F46B100D640F9 /* Cloud Term */,
				A84FF5262A8E9E96004360D6 /* Cloud TermTests */,
				A81814872A8EAD0200F9416E /* Cloud Term.app */,
				A8C89FD92A94135700E38804 /* Cloud TermTests.xctest */,
			);
			sourceTree = "<group>";
		};
		A89A70DE2A5F46B100D640F9 /* Cloud Term */ = {
			isa = PBXGroup;
			children = (
				A895EC482A6570AC0092F82C /* Helpers */,
				A89A70F02A5F470400D640F9 /* ViewModel */,
				A89A70EF2A5F46FD00D640F9 /* View */,
				A89A70ED2A5F46D600D640F9 /* Model */,
				A89A70DF2A5F46B100D640F9 /* Cloud_TermApp.swift */,
				A89A70E12A5F46B100D640F9 /* ContentView.swift */,
				A8C150EE2A6373950048EC04 /* GoogleService-Info.plist */,
				A89A70E32A5F46B200D640F9 /* Assets.xcassets */,
				A89A70E52A5F46B200D640F9 /* Preview Content */,
			);
			path = "Cloud Term";
			sourceTree = "<group>";
		};
		A89A70E52A5F46B200D640F9 /* Preview Content */ = {
			isa = PBXGroup;
			children = (
				A89A70E62A5F46B200D640F9 /* Preview Assets.xcassets */,
			);
			path = "Preview Content";
			sourceTree = "<group>";
		};
		A89A70ED2A5F46D600D640F9 /* Model */ = {
			isa = PBXGroup;
			children = (
				A89A70F32A5F49FD00D640F9 /* Sneaker.swift */,
				A82FBD202A753E5A0060D8FA /* Entry.swift */,
				A858FFFB2A7597D00068DA95 /* SubscribeEmail.swift */,
				A84E892F2A769CDD00949E97 /* Result.swift */,
			);
			path = Model;
			sourceTree = "<group>";
		};
		A89A70EF2A5F46FD00D640F9 /* View */ = {
			isa = PBXGroup;
			children = (
				A89A70F12A5F471900D640F9 /* HomeView.swift */,
				A89A70F52A5F5B7500D640F9 /* DetailView.swift */,
				A8B33AB72A60710300D194EC /* ResultsView.swift */,
				A8B33AB92A60710C00D194EC /* ProfileView.swift */,
				A8B33ABB2A60716300D194EC /* TabbarView.swift */,
				A87E7DD02A63640E00816F50 /* AuthenticationView.swift */,
				A84495BE2A64C4D600105B15 /* SizeView.swift */,
				A89CD79D2A816A7600A0812D /* SneakerCard.swift */,
				A8F26EA02A818E6900C08E9F /* DrawButton.swift */,
			);
			path = View;
			sourceTree = "<group>";
		};
		A89A70F02A5F470400D640F9 /* ViewModel */ = {
			isa = PBXGroup;
			children = (
				A8B33ABD2A60796500D194EC /* SelectedSneakerViewModel.swift */,
				A87E7DD42A6370A500816F50 /* AuthViewModel.swift */,
				A89AE05B2A716B6700B3B2AC /* SneakerViewModel.swift */,
			);
			path = ViewModel;
			sourceTree = "<group>";
		};
/* End PBXGroup section */

/* Begin PBXNativeTarget section */
		A84FF5242A8E9E95004360D6 /* Cloud TermTests */ = {
			isa = PBXNativeTarget;
			buildConfigurationList = A84FF52D2A8E9E96004360D6 /* Build configuration list for PBXNativeTarget "Cloud TermTests" */;
			buildPhases = (
				A84FF5212A8E9E95004360D6 /* Sources */,
				A84FF5222A8E9E95004360D6 /* Frameworks */,
				A84FF5232A8E9E95004360D6 /* Resources */,
			);
			buildRules = (
			);
			dependencies = (
				A84FF52A2A8E9E96004360D6 /* PBXTargetDependency */,
			);
			name = "Cloud TermTests";
			packageProductDependencies = (
				A84FF5322A8EA445004360D6 /* FirebaseAuth */,
			);
			productName = "Cloud TermTests";
			productReference = A8C89FD92A94135700E38804 /* Cloud TermTests.xctest */;
			productType = "com.apple.product-type.bundle.unit-test";
		};
		A89A70DB2A5F46B100D640F9 /* Cloud Term */ = {
			isa = PBXNativeTarget;
			buildConfigurationList = A89A70EA2A5F46B200D640F9 /* Build configuration list for PBXNativeTarget "Cloud Term" */;
			buildPhases = (
				A89A70D82A5F46B100D640F9 /* Sources */,
				A89A70D92A5F46B100D640F9 /* Frameworks */,
				A89A70DA2A5F46B100D640F9 /* Resources */,
			);
			buildRules = (
			);
			dependencies = (
			);
			name = "Cloud Term";
			packageProductDependencies = (
				A8C150F12A6373E70048EC04 /* FirebaseAuth */,
			);
			productName = "Cloud Term";
			productReference = A81814872A8EAD0200F9416E /* Cloud Term.app */;
			productType = "com.apple.product-type.application";
		};
/* End PBXNativeTarget section */

/* Begin PBXProject section */
		A89A70D42A5F46B100D640F9 /* Project object */ = {
			isa = PBXProject;
			attributes = {
				BuildIndependentTargetsInParallel = 1;
				LastSwiftUpdateCheck = 1430;
				LastUpgradeCheck = 1430;
				TargetAttributes = {
					A84FF5242A8E9E95004360D6 = {
						CreatedOnToolsVersion = 14.3;
						TestTargetID = A89A70DB2A5F46B100D640F9;
					};
					A89A70DB2A5F46B100D640F9 = {
						CreatedOnToolsVersion = 14.3;
					};
				};
			};
			buildConfigurationList = A89A70D72A5F46B100D640F9 /* Build configuration list for PBXProject "Cloud Term" */;
			compatibilityVersion = "Xcode 14.0";
			developmentRegion = en;
			hasScannedForEncodings = 0;
			knownRegions = (
				en,
				Base,
			);
			mainGroup = A89A70D32A5F46B100D640F9;
			packageReferences = (
				A8C150F02A6373E70048EC04 /* XCRemoteSwiftPackageReference "firebase-ios-sdk" */,
			);
			productRefGroup = A89A70D32A5F46B100D640F9;
			projectDirPath = "";
			projectRoot = "";
			targets = (
				A89A70DB2A5F46B100D640F9 /* Cloud Term */,
				A84FF5242A8E9E95004360D6 /* Cloud TermTests */,
			);
		};
/* End PBXProject section */

/* Begin PBXResourcesBuildPhase section */
		A84FF5232A8E9E95004360D6 /* Resources */ = {
			isa = PBXResourcesBuildPhase;
			buildActionMask = 2147483647;
			files = (
			);
			runOnlyForDeploymentPostprocessing = 0;
		};
		A89A70DA2A5F46B100D640F9 /* Resources */ = {
			isa = PBXResourcesBuildPhase;
			buildActionMask = 2147483647;
			files = (
				A89A70E72A5F46B200D640F9 /* Preview Assets.xcassets in Resources */,
				A89A70E42A5F46B200D640F9 /* Assets.xcassets in Resources */,
				A8C150EF2A6373950048EC04 /* GoogleService-Info.plist in Resources */,
			);
			runOnlyForDeploymentPostprocessing = 0;
		};
/* End PBXResourcesBuildPhase section */

/* Begin PBXSourcesBuildPhase section */
		A84FF5212A8E9E95004360D6 /* Sources */ = {
			isa = PBXSourcesBuildPhase;
			buildActionMask = 2147483647;
			files = (
				A818148E2A8EAF9F00F9416E /* NetworkManagerTests.swift in Sources */,
				A8C89FDB2A9417CB00E38804 /* AuthViewModelTests.swift in Sources */,
				A84FF5302A8E9F5B004360D6 /* ApiEndpointsTests.swift in Sources */,
				A88455592A9031CE000C983E /* MockFirebaseAuth.swift in Sources */,
				A818148B2A8EAD2400F9416E /* MockUrlSessionProtocol.swift in Sources */,
				A83B30272A8FA6A3004E603F /* SneakerViewModelTests.swift in Sources */,
				A83B30242A8F9D11004E603F /* MockNetworkManager.swift in Sources */,
			);
			runOnlyForDeploymentPostprocessing = 0;
		};
		A89A70D82A5F46B100D640F9 /* Sources */ = {
			isa = PBXSourcesBuildPhase;
			buildActionMask = 2147483647;
			files = (
				A84E89302A769CDD00949E97 /* Result.swift in Sources */,
				A82FBD212A753E5A0060D8FA /* Entry.swift in Sources */,
				A89A70E22A5F46B100D640F9 /* ContentView.swift in Sources */,
				A89A70F42A5F49FD00D640F9 /* Sneaker.swift in Sources */,
				A8B33ABE2A60796500D194EC /* SelectedSneakerViewModel.swift in Sources */,
				A895EC4A2A6570BA0092F82C /* NetworkManager.swift in Sources */,
				A84495BF2A64C4D600105B15 /* SizeView.swift in Sources */,
				A8B33ABC2A60716300D194EC /* TabbarView.swift in Sources */,
				A82FBD232A7543C40060D8FA /* Constants.swift in Sources */,
				A89CD79C2A815C4B00A0812D /* CacheAsyncImage.swift in Sources */,
				A89A70F22A5F471900D640F9 /* HomeView.swift in Sources */,
				A89CD79E2A816A7600A0812D /* SneakerCard.swift in Sources */,
				A89A70F62A5F5B7500D640F9 /* DetailView.swift in Sources */,
				A89AE05C2A716B6700B3B2AC /* SneakerViewModel.swift in Sources */,
				A8B33AB82A60710300D194EC /* ResultsView.swift in Sources */,
				A87E7DD52A6370A500816F50 /* AuthViewModel.swift in Sources */,
				A8B33ABA2A60710C00D194EC /* ProfileView.swift in Sources */,
				A87E7DD12A63640E00816F50 /* AuthenticationView.swift in Sources */,
				A858FFFC2A7597D00068DA95 /* SubscribeEmail.swift in Sources */,
				A89A70E02A5F46B100D640F9 /* Cloud_TermApp.swift in Sources */,
				A8F26EA12A818E6900C08E9F /* DrawButton.swift in Sources */,
			);
			runOnlyForDeploymentPostprocessing = 0;
		};
/* End PBXSourcesBuildPhase section */

/* Begin PBXTargetDependency section */
		A84FF52A2A8E9E96004360D6 /* PBXTargetDependency */ = {
			isa = PBXTargetDependency;
			target = A89A70DB2A5F46B100D640F9 /* Cloud Term */;
			targetProxy = A84FF5292A8E9E96004360D6 /* PBXContainerItemProxy */;
		};
/* End PBXTargetDependency section */

/* Begin XCBuildConfiguration section */
		A84FF52B2A8E9E96004360D6 /* Debug */ = {
			isa = XCBuildConfiguration;
			buildSettings = {
				BUNDLE_LOADER = "$(TEST_HOST)";
				CODE_SIGN_STYLE = Automatic;
				CURRENT_PROJECT_VERSION = 1;
				DEVELOPMENT_TEAM = 4PA264X8Y8;
				GENERATE_INFOPLIST_FILE = YES;
				HEADER_SEARCH_PATHS = "";
				MARKETING_VERSION = 1.0;
				PRODUCT_BUNDLE_IDENTIFIER = "com.mayank.Cloud-TermTests";
				PRODUCT_NAME = "$(TARGET_NAME)";
				SWIFT_EMIT_LOC_STRINGS = NO;
				SWIFT_VERSION = 5.0;
				TARGETED_DEVICE_FAMILY = "1,2";
				TEST_HOST = "$(BUILT_PRODUCTS_DIR)/Cloud Term.app/$(BUNDLE_EXECUTABLE_FOLDER_PATH)/Cloud Term";
			};
			name = Debug;
		};
		A84FF52C2A8E9E96004360D6 /* Release */ = {
			isa = XCBuildConfiguration;
			buildSettings = {
				BUNDLE_LOADER = "$(TEST_HOST)";
				CODE_SIGN_STYLE = Automatic;
				CURRENT_PROJECT_VERSION = 1;
				DEVELOPMENT_TEAM = 4PA264X8Y8;
				GENERATE_INFOPLIST_FILE = YES;
				HEADER_SEARCH_PATHS = "";
				MARKETING_VERSION = 1.0;
				PRODUCT_BUNDLE_IDENTIFIER = "com.mayank.Cloud-TermTests";
				PRODUCT_NAME = "$(TARGET_NAME)";
				SWIFT_EMIT_LOC_STRINGS = NO;
				SWIFT_VERSION = 5.0;
				TARGETED_DEVICE_FAMILY = "1,2";
				TEST_HOST = "$(BUILT_PRODUCTS_DIR)/Cloud Term.app/$(BUNDLE_EXECUTABLE_FOLDER_PATH)/Cloud Term";
			};
			name = Release;
		};
		A89A70E82A5F46B200D640F9 /* Debug */ = {
			isa = XCBuildConfiguration;
			buildSettings = {
				ALWAYS_SEARCH_USER_PATHS = NO;
				CLANG_ANALYZER_NONNULL = YES;
				CLANG_ANALYZER_NUMBER_OBJECT_CONVERSION = YES_AGGRESSIVE;
				CLANG_CXX_LANGUAGE_STANDARD = "gnu++20";
				CLANG_ENABLE_MODULES = YES;
				CLANG_ENABLE_OBJC_ARC = YES;
				CLANG_ENABLE_OBJC_WEAK = YES;
				CLANG_WARN_BLOCK_CAPTURE_AUTORELEASING = YES;
				CLANG_WARN_BOOL_CONVERSION = YES;
				CLANG_WARN_COMMA = YES;
				CLANG_WARN_CONSTANT_CONVERSION = YES;
				CLANG_WARN_DEPRECATED_OBJC_IMPLEMENTATIONS = YES;
				CLANG_WARN_DIRECT_OBJC_ISA_USAGE = YES_ERROR;
				CLANG_WARN_DOCUMENTATION_COMMENTS = YES;
				CLANG_WARN_EMPTY_BODY = YES;
				CLANG_WARN_ENUM_CONVERSION = YES;
				CLANG_WARN_INFINITE_RECURSION = YES;
				CLANG_WARN_INT_CONVERSION = YES;
				CLANG_WARN_NON_LITERAL_NULL_CONVERSION = YES;
				CLANG_WARN_OBJC_IMPLICIT_RETAIN_SELF = YES;
				CLANG_WARN_OBJC_LITERAL_CONVERSION = YES;
				CLANG_WARN_OBJC_ROOT_CLASS = YES_ERROR;
				CLANG_WARN_QUOTED_INCLUDE_IN_FRAMEWORK_HEADER = YES;
				CLANG_WARN_RANGE_LOOP_ANALYSIS = YES;
				CLANG_WARN_STRICT_PROTOTYPES = YES;
				CLANG_WARN_SUSPICIOUS_MOVE = YES;
				CLANG_WARN_UNGUARDED_AVAILABILITY = YES_AGGRESSIVE;
				CLANG_WARN_UNREACHABLE_CODE = YES;
				CLANG_WARN__DUPLICATE_METHOD_MATCH = YES;
				COPY_PHASE_STRIP = NO;
				DEBUG_INFORMATION_FORMAT = dwarf;
				ENABLE_STRICT_OBJC_MSGSEND = YES;
				ENABLE_TESTABILITY = YES;
				GCC_C_LANGUAGE_STANDARD = gnu11;
				GCC_DYNAMIC_NO_PIC = NO;
				GCC_NO_COMMON_BLOCKS = YES;
				GCC_OPTIMIZATION_LEVEL = 0;
				GCC_PREPROCESSOR_DEFINITIONS = (
					"DEBUG=1",
					"$(inherited)",
				);
				GCC_WARN_64_TO_32_BIT_CONVERSION = YES;
				GCC_WARN_ABOUT_RETURN_TYPE = YES_ERROR;
				GCC_WARN_UNDECLARED_SELECTOR = YES;
				GCC_WARN_UNINITIALIZED_AUTOS = YES_AGGRESSIVE;
				GCC_WARN_UNUSED_FUNCTION = YES;
				GCC_WARN_UNUSED_VARIABLE = YES;
				IPHONEOS_DEPLOYMENT_TARGET = 16.4;
				MTL_ENABLE_DEBUG_INFO = INCLUDE_SOURCE;
				MTL_FAST_MATH = YES;
				ONLY_ACTIVE_ARCH = YES;
				SDKROOT = iphoneos;
				SWIFT_ACTIVE_COMPILATION_CONDITIONS = DEBUG;
				SWIFT_OPTIMIZATION_LEVEL = "-Onone";
			};
			name = Debug;
		};
		A89A70E92A5F46B200D640F9 /* Release */ = {
			isa = XCBuildConfiguration;
			buildSettings = {
				ALWAYS_SEARCH_USER_PATHS = NO;
				CLANG_ANALYZER_NONNULL = YES;
				CLANG_ANALYZER_NUMBER_OBJECT_CONVERSION = YES_AGGRESSIVE;
				CLANG_CXX_LANGUAGE_STANDARD = "gnu++20";
				CLANG_ENABLE_MODULES = YES;
				CLANG_ENABLE_OBJC_ARC = YES;
				CLANG_ENABLE_OBJC_WEAK = YES;
				CLANG_WARN_BLOCK_CAPTURE_AUTORELEASING = YES;
				CLANG_WARN_BOOL_CONVERSION = YES;
				CLANG_WARN_COMMA = YES;
				CLANG_WARN_CONSTANT_CONVERSION = YES;
				CLANG_WARN_DEPRECATED_OBJC_IMPLEMENTATIONS = YES;
				CLANG_WARN_DIRECT_OBJC_ISA_USAGE = YES_ERROR;
				CLANG_WARN_DOCUMENTATION_COMMENTS = YES;
				CLANG_WARN_EMPTY_BODY = YES;
				CLANG_WARN_ENUM_CONVERSION = YES;
				CLANG_WARN_INFINITE_RECURSION = YES;
				CLANG_WARN_INT_CONVERSION = YES;
				CLANG_WARN_NON_LITERAL_NULL_CONVERSION = YES;
				CLANG_WARN_OBJC_IMPLICIT_RETAIN_SELF = YES;
				CLANG_WARN_OBJC_LITERAL_CONVERSION = YES;
				CLANG_WARN_OBJC_ROOT_CLASS = YES_ERROR;
				CLANG_WARN_QUOTED_INCLUDE_IN_FRAMEWORK_HEADER = YES;
				CLANG_WARN_RANGE_LOOP_ANALYSIS = YES;
				CLANG_WARN_STRICT_PROTOTYPES = YES;
				CLANG_WARN_SUSPICIOUS_MOVE = YES;
				CLANG_WARN_UNGUARDED_AVAILABILITY = YES_AGGRESSIVE;
				CLANG_WARN_UNREACHABLE_CODE = YES;
				CLANG_WARN__DUPLICATE_METHOD_MATCH = YES;
				COPY_PHASE_STRIP = NO;
				DEBUG_INFORMATION_FORMAT = "dwarf-with-dsym";
				ENABLE_NS_ASSERTIONS = NO;
				ENABLE_STRICT_OBJC_MSGSEND = YES;
				GCC_C_LANGUAGE_STANDARD = gnu11;
				GCC_NO_COMMON_BLOCKS = YES;
				GCC_WARN_64_TO_32_BIT_CONVERSION = YES;
				GCC_WARN_ABOUT_RETURN_TYPE = YES_ERROR;
				GCC_WARN_UNDECLARED_SELECTOR = YES;
				GCC_WARN_UNINITIALIZED_AUTOS = YES_AGGRESSIVE;
				GCC_WARN_UNUSED_FUNCTION = YES;
				GCC_WARN_UNUSED_VARIABLE = YES;
				IPHONEOS_DEPLOYMENT_TARGET = 16.4;
				MTL_ENABLE_DEBUG_INFO = NO;
				MTL_FAST_MATH = YES;
				SDKROOT = iphoneos;
				SWIFT_COMPILATION_MODE = wholemodule;
				SWIFT_OPTIMIZATION_LEVEL = "-O";
				VALIDATE_PRODUCT = YES;
			};
			name = Release;
		};
		A89A70EB2A5F46B200D640F9 /* Debug */ = {
			isa = XCBuildConfiguration;
			buildSettings = {
				ASSETCATALOG_COMPILER_APPICON_NAME = AppIcon;
				ASSETCATALOG_COMPILER_GLOBAL_ACCENT_COLOR_NAME = AccentColor;
				CODE_SIGN_STYLE = Automatic;
				CURRENT_PROJECT_VERSION = 1;
				DEVELOPMENT_ASSET_PATHS = "\"Cloud Term/Preview Content\"";
				DEVELOPMENT_TEAM = 4PA264X8Y8;
				ENABLE_PREVIEWS = YES;
				GENERATE_INFOPLIST_FILE = YES;
				INFOPLIST_KEY_UIApplicationSceneManifest_Generation = YES;
				INFOPLIST_KEY_UIApplicationSupportsIndirectInputEvents = YES;
				INFOPLIST_KEY_UILaunchScreen_Generation = YES;
				INFOPLIST_KEY_UISupportedInterfaceOrientations = UIInterfaceOrientationPortrait;
				LD_RUNPATH_SEARCH_PATHS = (
					"$(inherited)",
					"@executable_path/Frameworks",
				);
				MARKETING_VERSION = 1.0;
				PRODUCT_BUNDLE_IDENTIFIER = "com.mayank.Cloud-Term";
				PRODUCT_NAME = "$(TARGET_NAME)";
				SWIFT_EMIT_LOC_STRINGS = YES;
				SWIFT_VERSION = 5.0;
				TARGETED_DEVICE_FAMILY = "1,2";
			};
			name = Debug;
		};
		A89A70EC2A5F46B200D640F9 /* Release */ = {
			isa = XCBuildConfiguration;
			buildSettings = {
				ASSETCATALOG_COMPILER_APPICON_NAME = AppIcon;
				ASSETCATALOG_COMPILER_GLOBAL_ACCENT_COLOR_NAME = AccentColor;
				CODE_SIGN_STYLE = Automatic;
				CURRENT_PROJECT_VERSION = 1;
				DEVELOPMENT_ASSET_PATHS = "\"Cloud Term/Preview Content\"";
				DEVELOPMENT_TEAM = 4PA264X8Y8;
				ENABLE_PREVIEWS = YES;
				GENERATE_INFOPLIST_FILE = YES;
				INFOPLIST_KEY_UIApplicationSceneManifest_Generation = YES;
				INFOPLIST_KEY_UIApplicationSupportsIndirectInputEvents = YES;
				INFOPLIST_KEY_UILaunchScreen_Generation = YES;
				INFOPLIST_KEY_UISupportedInterfaceOrientations = UIInterfaceOrientationPortrait;
				LD_RUNPATH_SEARCH_PATHS = (
					"$(inherited)",
					"@executable_path/Frameworks",
				);
				MARKETING_VERSION = 1.0;
				PRODUCT_BUNDLE_IDENTIFIER = com.mayank.;
				PRODUCT_NAME = "$(TARGET_NAME)";
				SWIFT_EMIT_LOC_STRINGS = YES;
				SWIFT_VERSION = 5.0;
				TARGETED_DEVICE_FAMILY = "1,2";
			};
			name = Release;
		};
/* End XCBuildConfiguration section */

/* Begin XCConfigurationList section */
		A84FF52D2A8E9E96004360D6 /* Build configuration list for PBXNativeTarget "Cloud TermTests" */ = {
			isa = XCConfigurationList;
			buildConfigurations = (
				A84FF52B2A8E9E96004360D6 /* Debug */,
				A84FF52C2A8E9E96004360D6 /* Release */,
			);
			defaultConfigurationIsVisible = 0;
			defaultConfigurationName = Release;
		};
		A89A70D72A5F46B100D640F9 /* Build configuration list for PBXProject "Cloud Term" */ = {
			isa = XCConfigurationList;
			buildConfigurations = (
				A89A70E82A5F46B200D640F9 /* Debug */,
				A89A70E92A5F46B200D640F9 /* Release */,
			);
			defaultConfigurationIsVisible = 0;
			defaultConfigurationName = Release;
		};
		A89A70EA2A5F46B200D640F9 /* Build configuration list for PBXNativeTarget "Cloud Term" */ = {
			isa = XCConfigurationList;
			buildConfigurations = (
				A89A70EB2A5F46B200D640F9 /* Debug */,
				A89A70EC2A5F46B200D640F9 /* Release */,
			);
			defaultConfigurationIsVisible = 0;
			defaultConfigurationName = Release;
		};
/* End XCConfigurationList section */

/* Begin XCRemoteSwiftPackageReference section */
		A8C150F02A6373E70048EC04 /* XCRemoteSwiftPackageReference "firebase-ios-sdk" */ = {
			isa = XCRemoteSwiftPackageReference;
			repositoryURL = "https://github.com/firebase/firebase-ios-sdk";
			requirement = {
				kind = upToNextMajorVersion;
				minimumVersion = 10.0.0;
			};
		};
/* End XCRemoteSwiftPackageReference section */

/* Begin XCSwiftPackageProductDependency section */
		A84FF5322A8EA445004360D6 /* FirebaseAuth */ = {
			isa = XCSwiftPackageProductDependency;
			package = A8C150F02A6373E70048EC04 /* XCRemoteSwiftPackageReference "firebase-ios-sdk" */;
			productName = FirebaseAuth;
		};
		A8C150F12A6373E70048EC04 /* FirebaseAuth */ = {
			isa = XCSwiftPackageProductDependency;
			package = A8C150F02A6373E70048EC04 /* XCRemoteSwiftPackageReference "firebase-ios-sdk" */;
			productName = FirebaseAuth;
		};
/* End XCSwiftPackageProductDependency section */
	};
	rootObject = A89A70D42A5F46B100D640F9 /* Project object */;
}
